<?xml version="1.0" encoding="UTF-8" standalone="yes" ?>
<CodeBlocks_project_file>
	<FileVersion major="1" minor="6" />
	<Project>
		<Option title="KISS Linux" />
		<Option pch_mode="2" />
		<Option compiler="gcc" />
		<Build>
			<Target title="Debug">
				<Option output="bin/Debug/kissplayer" prefix_auto="1" extension_auto="1" />
				<Option object_output="obj/Debug/" />
				<Option type="1" />
				<Option compiler="gcc" />
				<Compiler>
					<Add option="-g" />
				</Compiler>
			</Target>
			<Target title="Release">
				<Option output="bin/Release/kissplayer" prefix_auto="1" extension_auto="1" />
				<Option object_output="obj/Release/" />
				<Option type="0" />
				<Option compiler="gcc" />
				<Compiler>
					<Add option="-O2" />
					<Add option="-s" />
				</Compiler>
			</Target>
		</Build>
		<Compiler>
			<Add option="`fltk-config --cxxflags`" />
		</Compiler>
		<Linker>
			<Add option="`fltk-config --ldstaticflags`" />
			<Add option="-lcurl" />
			<Add option="-ltag" />
			<Add option="-lXpm" />
			<Add option="-lsqlite3" />
			<Add option="-lfltk_images" />
			<Add option="-lpng" />
			<Add option="-lfmodex" />
			<Add option="-lXtst" />
		</Linker>
		<Unit filename="src/dao.cpp" />
		<Unit filename="src/dao.h" />
		<Unit filename="src/fl_browser_music.h" />
		<Unit filename="src/fl_slider_music.h" />
		<Unit filename="src/fl_tile_music.h" />
		<Unit filename="src/images.cpp" />
		<Unit filename="src/images.h" />
		<Unit filename="src/linux/icon.xpm" />
		<Unit filename="src/linux/linux_specific.cpp" />
		<Unit filename="src/linux/linux_specific.h" />
		<Unit filename="src/lyrics_fetcher.cpp" />
		<Unit filename="src/lyrics_fetcher.h" />
		<Unit filename="src/main.cpp" />
		<Unit filename="src/music.cpp" />
		<Unit filename="src/music.h" />
		<Unit filename="src/sound.cpp" />
		<Unit filename="src/sound.h" />
		<Unit filename="src/util.cpp" />
		<Unit filename="src/util.h" />
		<Unit filename="src/window_about.cpp" />
		<Unit filename="src/window_about.h" />
		<Unit filename="src/window_loading.cpp" />
		<Unit filename="src/window_loading.h" />
		<Unit filename="src/window_main.cpp" />
		<Unit filename="src/window_main.h" />
		<Unit filename="src/window_settings.cpp" />
		<Unit filename="src/window_settings.h" />
		<Extensions>
			<code_completion />
			<debugger />
			<envvars />
		</Extensions>
	</Project>
</CodeBlocks_project_file>
