<?xml version="1.0" encoding="UTF-8" standalone="yes" ?>
<CodeBlocks_project_file>
	<FileVersion major="1" minor="6" />
	<Project>
		<Option title="KISS Windows" />
		<Option pch_mode="2" />
		<Option compiler="gcc" />
		<Build>
			<Target title="Debug">
				<Option output="bin/Debug/KISS Player" prefix_auto="1" extension_auto="1" />
				<Option object_output="obj/Debug/" />
				<Option type="1" />
				<Option compiler="gcc" />
				<Compiler>
					<Add option="-g" />
				</Compiler>
			</Target>
			<Target title="Release">
				<Option output="bin/Release/KISS Player" prefix_auto="1" extension_auto="1" />
				<Option object_output="obj/Release/" />
				<Option type="0" />
				<Option compiler="gcc" />
				<Compiler>
					<Add option="-O2" />
					<Add option="-s" />
				</Compiler>
			</Target>
		</Build>
		<Compiler>
			<Add option="-mms-bitfields" />
			<Add option="-DWIN32" />
			<Add directory="C:/MinGW/include" />
		</Compiler>
		<Linker>
			<Add option="-lfltk" />
			<Add option="-lole32" />
			<Add option="-luuid" />
			<Add option="-lcomctl32" />
			<Add option="-lwsock32" />
			<Add option="-lgdi32" />
			<Add option="-lcomdlg32" />
			<Add option="-lfltk_images" />
			<Add option="-lfltk_png" />
			<Add option="-lz" />
			<Add option="-lcurl" />
			<Add option="-ltag" />
			<Add option="-lfmodex" />
			<Add option="-lsqlite3" />
			<Add directory="C:/MinGW/lib" />
		</Linker>
		<Unit filename="src/dao.cpp" />
		<Unit filename="src/dao.h" />
		<Unit filename="src/fl_browser_music.h" />
		<Unit filename="src/fl_slider_music.h" />
		<Unit filename="src/fl_tile_music.h" />
		<Unit filename="src/images.cpp" />
		<Unit filename="src/images.h" />
		<Unit filename="src/lyrics_fetcher.cpp" />
		<Unit filename="src/lyrics_fetcher.h" />
		<Unit filename="src/main.cpp" />
		<Unit filename="src/music.cpp" />
		<Unit filename="src/music.h" />
		<Unit filename="src/os_specific.h" />
		<Unit filename="src/sound.cpp" />
		<Unit filename="src/sound.h" />
		<Unit filename="src/tinycthread.c">
			<Option compilerVar="CC" />
		</Unit>
		<Unit filename="src/tinycthread.h" />
		<Unit filename="src/util.cpp" />
		<Unit filename="src/util.h" />
		<Unit filename="src/win/kiss.rc">
			<Option compilerVar="WINDRES" />
		</Unit>
		<Unit filename="src/win/mingw_fix.h" />
		<Unit filename="src/win/windows_specific.cpp" />
		<Unit filename="src/win/windows_specific.h" />
		<Unit filename="src/window_about.cpp" />
		<Unit filename="src/window_about.h" />
		<Unit filename="src/window_loading.cpp" />
		<Unit filename="src/window_loading.h" />
		<Unit filename="src/window_main.cpp" />
		<Unit filename="src/window_main.h" />
		<Unit filename="src/window_settings.cpp" />
		<Unit filename="src/window_settings.h" />
		<Extensions>
			<code_completion />
			<debugger />
			<envvars />
			<DoxyBlocks>
				<comment_style block="0" line="0" />
				<doxyfile_project />
				<doxyfile_build />
				<doxyfile_warnings />
				<doxyfile_output />
				<doxyfile_dot />
				<general />
			</DoxyBlocks>
		</Extensions>
	</Project>
</CodeBlocks_project_file>
